
Microsoft Visual Studio Solution File, Format Version 12.00
# Visual Studio Version 17
VisualStudioVersion = 17.0.31912.275
MinimumVisualStudioVersion = 10.0.40219.1
Project("{FAE04EC0-301F-11D3-BF4B-00C04F79EFBC}") = "Web2.3", "Web2.3.csproj", "{B4906DF5-B493-40FA-AA3F-82C725C0F797}"
EndProject
Global
	GlobalSection(SolutionConfigurationPlatforms) = preSolution
		Debug|Any CPU = Debug|Any CPU
		Release|Any CPU = Release|Any CPU
	EndGlobalSection
	GlobalSection(ProjectConfigurationPlatforms) = postSolution
		{B4906DF5-B493-40FA-AA3F-82C725C0F797}.Debug|Any CPU.ActiveCfg = Debug|Any CPU
		{B4906DF5-B493-40FA-AA3F-82C725C0F797}.Debug|Any CPU.Build.0 = Debug|Any CPU
		{B4906DF5-B493-40FA-AA3F-82C725C0F797}.Release|Any CPU.ActiveCfg = Release|Any CPU
		{B4906DF5-B493-40FA-AA3F-82C725C0F797}.Release|Any CPU.Build.0 = Release|Any CPU
	EndGlobalSection
	GlobalSection(SolutionProperties) = preSolution
		HideSolutionNode = FALSE
	EndGlobalSection
	GlobalSection(ExtensibilityGlobals) = postSolution
		SolutionGuid = {00734DD5-FC17-465A-AF25-12057291566D}
	EndGlobalSection
EndGlobal
